
Microsoft Visual Studio Solution File, Format Version 12.00
# Visual Studio Version 16
VisualStudioVersion = 16.0.29215.179
MinimumVisualStudioVersion = 10.0.40219.1
Project("{8BC9CEB8-8B4A-11D0-8D11-00A0C91BC942}") = "SkyNet HK-Aerial", "SkyNet HK-Aerial\SkyNet HK-Aerial.vcxproj", "{71C98ECF-8287-470C-A753-498605643314}"
EndProject
Global
	GlobalSection(SolutionConfigurationPlatforms) = preSolution
		Debug|x64 = Debug|x64
		Debug|x86 = Debug|x86
		Release|x64 = Release|x64
		Release|x86 = Release|x86
	EndGlobalSection
	GlobalSection(ProjectConfigurationPlatforms) = postSolution
		{71C98ECF-8287-470C-A753-498605643314}.Debug|x64.ActiveCfg = Debug|x64
		{71C98ECF-8287-470C-A753-498605643314}.Debug|x64.Build.0 = Debug|x64
		{71C98ECF-8287-470C-A753-498605643314}.Debug|x86.ActiveCfg = Debug|Win32
		{71C98ECF-8287-470C-A753-498605643314}.Debug|x86.Build.0 = Debug|Win32
		{71C98ECF-8287-470C-A753-498605643314}.Release|x64.ActiveCfg = Release|x64
		{71C98ECF-8287-470C-A753-498605643314}.Release|x64.Build.0 = Release|x64
		{71C98ECF-8287-470C-A753-498605643314}.Release|x86.ActiveCfg = Release|Win32
		{71C98ECF-8287-470C-A753-498605643314}.Release|x86.Build.0 = Release|Win32
	EndGlobalSection
	GlobalSection(SolutionProperties) = preSolution
		HideSolutionNode = FALSE
	EndGlobalSection
	GlobalSection(ExtensibilityGlobals) = postSolution
		SolutionGuid = {8FD9124A-2CC1-47CB-AB32-56ABD969A9B5}
	EndGlobalSection
EndGlobal
